
Microsoft Visual Studio Solution File, Format Version 12.00
# Visual Studio Version 17
VisualStudioVersion = 17.11.35222.181
MinimumVisualStudioVersion = 10.0.40219.1
Project("{FAE04EC0-301F-11D3-BF4B-00C04F79EFBC}") = "MapicsLabelHandoff", "MapicsLabelHandoff\MapicsLabelHandoff.csproj", "{20E69E42-B68B-4CD9-8457-1A86CA739FC0}"
EndProject
Global
	GlobalSection(SolutionConfigurationPlatforms) = preSolution
		Debug|Any CPU = Debug|Any CPU
		Release|Any CPU = Release|Any CPU
	EndGlobalSection
	GlobalSection(ProjectConfigurationPlatforms) = postSolution
		{20E69E42-B68B-4CD9-8457-1A86CA739FC0}.Debug|Any CPU.ActiveCfg = Debug|Any CPU
		{20E69E42-B68B-4CD9-8457-1A86CA739FC0}.Debug|Any CPU.Build.0 = Debug|Any CPU
		{20E69E42-B68B-4CD9-8457-1A86CA739FC0}.Release|Any CPU.ActiveCfg = Release|Any CPU
		{20E69E42-B68B-4CD9-8457-1A86CA739FC0}.Release|Any CPU.Build.0 = Release|Any CPU
	EndGlobalSection
	GlobalSection(SolutionProperties) = preSolution
		HideSolutionNode = FALSE
	EndGlobalSection
	GlobalSection(ExtensibilityGlobals) = postSolution
		SolutionGuid = {C679EFE4-5D27-4FC5-BCF2-5DDA3974ED58}
	EndGlobalSection
EndGlobal
